// !$*UTF8*$!
{
	archiveVersion = 1;
	classes = {
	};
	objectVersion = 46;
	objects = {

/* Begin PBXBuildFile section */
		074783E91A998CC600044149 /* AppDelegate.swift in Sources */ = {isa = PBXBuildFile; fileRef = 074783E81A998CC600044149 /* AppDelegate.swift */; };
		074783EC1A998CC600044149 /* fff.xcdatamodeld in Sources */ = {isa = PBXBuildFile; fileRef = 074783EA1A998CC600044149 /* fff.xcdatamodeld */; };
		074783EE1A998CC600044149 /* ViewController.swift in Sources */ = {isa = PBXBuildFile; fileRef = 074783ED1A998CC600044149 /* ViewController.swift */; };
		074783F11A998CC600044149 /* Main.storyboard in Resources */ = {isa = PBXBuildFile; fileRef = 074783EF1A998CC600044149 /* Main.storyboard */; };
		074783F31A998CC600044149 /* Images.xcassets in Resources */ = {isa = PBXBuildFile; fileRef = 074783F21A998CC600044149 /* Images.xcassets */; };
		074783F61A998CC600044149 /* LaunchScreen.xib in Resources */ = {isa = PBXBuildFile; fileRef = 074783F41A998CC600044149 /* LaunchScreen.xib */; };
		074784021A998CC600044149 /* fffTests.swift in Sources */ = {isa = PBXBuildFile; fileRef = 074784011A998CC600044149 /* fffTests.swift */; };
		074784271A998D0800044149 /* BlurView.swift in Sources */ = {isa = PBXBuildFile; fileRef = 0747840C1A998D0800044149 /* BlurView.swift */; };
		074784281A998D0800044149 /* DesignableButton.swift in Sources */ = {isa = PBXBuildFile; fileRef = 0747840D1A998D0800044149 /* DesignableButton.swift */; };
		074784291A998D0800044149 /* DesignableImageView.swift in Sources */ = {isa = PBXBuildFile; fileRef = 0747840E1A998D0800044149 /* DesignableImageView.swift */; };
		0747842A1A998D0800044149 /* DesignableLabel.swift in Sources */ = {isa = PBXBuildFile; fileRef = 0747840F1A998D0800044149 /* DesignableLabel.swift */; };
		0747842B1A998D0800044149 /* DesignableTabBarController.swift in Sources */ = {isa = PBXBuildFile; fileRef = 074784101A998D0800044149 /* DesignableTabBarController.swift */; };
		0747842C1A998D0800044149 /* DesignableTextField.swift in Sources */ = {isa = PBXBuildFile; fileRef = 074784111A998D0800044149 /* DesignableTextField.swift */; };
		0747842D1A998D0800044149 /* DesignableTextView.swift in Sources */ = {isa = PBXBuildFile; fileRef = 074784121A998D0800044149 /* DesignableTextView.swift */; };
		0747842E1A998D0800044149 /* DesignableView.swift in Sources */ = {isa = PBXBuildFile; fileRef = 074784131A998D0800044149 /* DesignableView.swift */; };
		0747842F1A998D0800044149 /* ImageLoader.swift in Sources */ = {isa = PBXBuildFile; fileRef = 074784141A998D0800044149 /* ImageLoader.swift */; };
		074784301A998D0800044149 /* Info.plist in Resources */ = {isa = PBXBuildFile; fileRef = 074784151A998D0800044149 /* Info.plist */; };
		074784311A998D0800044149 /* KeyboardLayoutConstraint.swift in Sources */ = {isa = PBXBuildFile; fileRef = 074784161A998D0800044149 /* KeyboardLayoutConstraint.swift */; };
		074784321A998D0800044149 /* LoadingView.swift in Sources */ = {isa = PBXBuildFile; fileRef = 074784171A998D0800044149 /* LoadingView.swift */; };
		074784331A998D0800044149 /* LoadingView.xib in Resources */ = {isa = PBXBuildFile; fileRef = 074784181A998D0800044149 /* LoadingView.xib */; };
		074784341A998D0800044149 /* Misc.swift in Sources */ = {isa = PBXBuildFile; fileRef = 074784191A998D0800044149 /* Misc.swift */; };
		074784351A998D0800044149 /* SoundPlayer.swift in Sources */ = {isa = PBXBuildFile; fileRef = 0747841A1A998D0800044149 /* SoundPlayer.swift */; };
		074784361A998D0800044149 /* Spring.swift in Sources */ = {isa = PBXBuildFile; fileRef = 0747841C1A998D0800044149 /* Spring.swift */; };
		074784371A998D0800044149 /* SpringAnimation.swift in Sources */ = {isa = PBXBuildFile; fileRef = 0747841D1A998D0800044149 /* SpringAnimation.swift */; };
		074784381A998D0800044149 /* SpringButton.swift in Sources */ = {isa = PBXBuildFile; fileRef = 0747841E1A998D0800044149 /* SpringButton.swift */; };
		074784391A998D0800044149 /* SpringImageView.swift in Sources */ = {isa = PBXBuildFile; fileRef = 0747841F1A998D0800044149 /* SpringImageView.swift */; };
		0747843A1A998D0800044149 /* SpringLabel.swift in Sources */ = {isa = PBXBuildFile; fileRef = 074784201A998D0800044149 /* SpringLabel.swift */; };
		0747843B1A998D0800044149 /* SpringTextField.swift in Sources */ = {isa = PBXBuildFile; fileRef = 074784211A998D0800044149 /* SpringTextField.swift */; };
		0747843C1A998D0800044149 /* SpringTextView.swift in Sources */ = {isa = PBXBuildFile; fileRef = 074784221A998D0800044149 /* SpringTextView.swift */; };
		0747843D1A998D0800044149 /* SpringView.swift in Sources */ = {isa = PBXBuildFile; fileRef = 074784231A998D0800044149 /* SpringView.swift */; };
		0747843E1A998D0800044149 /* TransitionManager.swift in Sources */ = {isa = PBXBuildFile; fileRef = 074784241A998D0800044149 /* TransitionManager.swift */; };
		0747843F1A998D0800044149 /* TransitionZoom.swift in Sources */ = {isa = PBXBuildFile; fileRef = 074784251A998D0800044149 /* TransitionZoom.swift */; };
		074784401A998D0800044149 /* UnwindSegue.swift in Sources */ = {isa = PBXBuildFile; fileRef = 074784261A998D0800044149 /* UnwindSegue.swift */; };
/* End PBXBuildFile section */

/* Begin PBXContainerItemProxy section */
		074783FC1A998CC600044149 /* PBXContainerItemProxy */ = {
			isa = PBXContainerItemProxy;
			containerPortal = 074783DB1A998CC600044149 /* Project object */;
			proxyType = 1;
			remoteGlobalIDString = 074783E21A998CC600044149;
			remoteInfo = fff;
		};
/* End PBXContainerItemProxy section */

/* Begin PBXFileReference section */
		074783E31A998CC600044149 /* fff.app */ = {isa = PBXFileReference; explicitFileType = wrapper.application; includeInIndex = 0; path = fff.app; sourceTree = BUILT_PRODUCTS_DIR; };
		074783E71A998CC600044149 /* Info.plist */ = {isa = PBXFileReference; lastKnownFileType = text.plist.xml; path = Info.plist; sourceTree = "<group>"; };
		074783E81A998CC600044149 /* AppDelegate.swift */ = {isa = PBXFileReference; lastKnownFileType = sourcecode.swift; path = AppDelegate.swift; sourceTree = "<group>"; };
		074783EB1A998CC600044149 /* fff.xcdatamodel */ = {isa = PBXFileReference; lastKnownFileType = wrapper.xcdatamodel; path = fff.xcdatamodel; sourceTree = "<group>"; };
		074783ED1A998CC600044149 /* ViewController.swift */ = {isa = PBXFileReference; lastKnownFileType = sourcecode.swift; path = ViewController.swift; sourceTree = "<group>"; };
		074783F01A998CC600044149 /* Base */ = {isa = PBXFileReference; lastKnownFileType = file.storyboard; name = Base; path = Base.lproj/Main.storyboard; sourceTree = "<group>"; };
		074783F21A998CC600044149 /* Images.xcassets */ = {isa = PBXFileReference; lastKnownFileType = folder.assetcatalog; path = Images.xcassets; sourceTree = "<group>"; };
		074783F51A998CC600044149 /* Base */ = {isa = PBXFileReference; lastKnownFileType = file.xib; name = Base; path = Base.lproj/LaunchScreen.xib; sourceTree = "<group>"; };
		074783FB1A998CC600044149 /* fffTests.xctest */ = {isa = PBXFileReference; explicitFileType = wrapper.cfbundle; includeInIndex = 0; path = fffTests.xctest; sourceTree = BUILT_PRODUCTS_DIR; };
		074784001A998CC600044149 /* Info.plist */ = {isa = PBXFileReference; lastKnownFileType = text.plist.xml; path = Info.plist; sourceTree = "<group>"; };
		074784011A998CC600044149 /* fffTests.swift */ = {isa = PBXFileReference; lastKnownFileType = sourcecode.swift; path = fffTests.swift; sourceTree = "<group>"; };
		0747840C1A998D0800044149 /* BlurView.swift */ = {isa = PBXFileReference; fileEncoding = 4; lastKnownFileType = sourcecode.swift; path = BlurView.swift; sourceTree = "<group>"; };
		0747840D1A998D0800044149 /* DesignableButton.swift */ = {isa = PBXFileReference; fileEncoding = 4; lastKnownFileType = sourcecode.swift; path = DesignableButton.swift; sourceTree = "<group>"; };
		0747840E1A998D0800044149 /* DesignableImageView.swift */ = {isa = PBXFileReference; fileEncoding = 4; lastKnownFileType = sourcecode.swift; path = DesignableImageView.swift; sourceTree = "<group>"; };
		0747840F1A998D0800044149 /* DesignableLabel.swift */ = {isa = PBXFileReference; fileEncoding = 4; lastKnownFileType = sourcecode.swift; path = DesignableLabel.swift; sourceTree = "<group>"; };
		074784101A998D0800044149 /* DesignableTabBarController.swift */ = {isa = PBXFileReference; fileEncoding = 4; lastKnownFileType = sourcecode.swift; path = DesignableTabBarController.swift; sourceTree = "<group>"; };
		074784111A998D0800044149 /* DesignableTextField.swift */ = {isa = PBXFileReference; fileEncoding = 4; lastKnownFileType = sourcecode.swift; path = DesignableTextField.swift; sourceTree = "<group>"; };
		074784121A998D0800044149 /* DesignableTextView.swift */ = {isa = PBXFileReference; fileEncoding = 4; lastKnownFileType = sourcecode.swift; path = DesignableTextView.swift; sourceTree = "<group>"; };
		074784131A998D0800044149 /* DesignableView.swift */ = {isa = PBXFileReference; fileEncoding = 4; lastKnownFileType = sourcecode.swift; path = DesignableView.swift; sourceTree = "<group>"; };
		074784141A998D0800044149 /* ImageLoader.swift */ = {isa = PBXFileReference; fileEncoding = 4; lastKnownFileType = sourcecode.swift; path = ImageLoader.swift; sourceTree = "<group>"; };
		074784151A998D0800044149 /* Info.plist */ = {isa = PBXFileReference; fileEncoding = 4; lastKnownFileType = text.plist.xml; path = Info.plist; sourceTree = "<group>"; };
		074784161A998D0800044149 /* KeyboardLayoutConstraint.swift */ = {isa = PBXFileReference; fileEncoding = 4; lastKnownFileType = sourcecode.swift; path = KeyboardLayoutConstraint.swift; sourceTree = "<group>"; };
		074784171A998D0800044149 /* LoadingView.swift */ = {isa = PBXFileReference; fileEncoding = 4; lastKnownFileType = sourcecode.swift; path = LoadingView.swift; sourceTree = "<group>"; };
		074784181A998D0800044149 /* LoadingView.xib */ = {isa = PBXFileReference; fileEncoding = 4; lastKnownFileType = file.xib; path = LoadingView.xib; sourceTree = "<group>"; };
		074784191A998D0800044149 /* Misc.swift */ = {isa = PBXFileReference; fileEncoding = 4; lastKnownFileType = sourcecode.swift; path = Misc.swift; sourceTree = "<group>"; };
		0747841A1A998D0800044149 /* SoundPlayer.swift */ = {isa = PBXFileReference; fileEncoding = 4; lastKnownFileType = sourcecode.swift; path = SoundPlayer.swift; sourceTree = "<group>"; };
		0747841B1A998D0800044149 /* Spring.h */ = {isa = PBXFileReference; fileEncoding = 4; lastKnownFileType = sourcecode.c.h; path = Spring.h; sourceTree = "<group>"; };
		0747841C1A998D0800044149 /* Spring.swift */ = {isa = PBXFileReference; fileEncoding = 4; lastKnownFileType = sourcecode.swift; path = Spring.swift; sourceTree = "<group>"; };
		0747841D1A998D0800044149 /* SpringAnimation.swift */ = {isa = PBXFileReference; fileEncoding = 4; lastKnownFileType = sourcecode.swift; path = SpringAnimation.swift; sourceTree = "<group>"; };
		0747841E1A998D0800044149 /* SpringButton.swift */ = {isa = PBXFileReference; fileEncoding = 4; lastKnownFileType = sourcecode.swift; path = SpringButton.swift; sourceTree = "<group>"; };
		0747841F1A998D0800044149 /* SpringImageView.swift */ = {isa = PBXFileReference; fileEncoding = 4; lastKnownFileType = sourcecode.swift; path = SpringImageView.swift; sourceTree = "<group>"; };
		074784201A998D0800044149 /* SpringLabel.swift */ = {isa = PBXFileReference; fileEncoding = 4; lastKnownFileType = sourcecode.swift; path = SpringLabel.swift; sourceTree = "<group>"; };
		074784211A998D0800044149 /* SpringTextField.swift */ = {isa = PBXFileReference; fileEncoding = 4; lastKnownFileType = sourcecode.swift; path = SpringTextField.swift; sourceTree = "<group>"; };
		074784221A998D0800044149 /* SpringTextView.swift */ = {isa = PBXFileReference; fileEncoding = 4; lastKnownFileType = sourcecode.swift; path = SpringTextView.swift; sourceTree = "<group>"; };
		074784231A998D0800044149 /* SpringView.swift */ = {isa = PBXFileReference; fileEncoding = 4; lastKnownFileType = sourcecode.swift; path = SpringView.swift; sourceTree = "<group>"; };
		074784241A998D0800044149 /* TransitionManager.swift */ = {isa = PBXFileReference; fileEncoding = 4; lastKnownFileType = sourcecode.swift; path = TransitionManager.swift; sourceTree = "<group>"; };
		074784251A998D0800044149 /* TransitionZoom.swift */ = {isa = PBXFileReference; fileEncoding = 4; lastKnownFileType = sourcecode.swift; path = TransitionZoom.swift; sourceTree = "<group>"; };
		074784261A998D0800044149 /* UnwindSegue.swift */ = {isa = PBXFileReference; fileEncoding = 4; lastKnownFileType = sourcecode.swift; path = UnwindSegue.swift; sourceTree = "<group>"; };
/* End PBXFileReference section */

/* Begin PBXFrameworksBuildPhase section */
		074783E01A998CC600044149 /* Frameworks */ = {
			isa = PBXFrameworksBuildPhase;
			buildActionMask = 2147483647;
			files = (
			);
			runOnlyForDeploymentPostprocessing = 0;
		};
		074783F81A998CC600044149 /* Frameworks */ = {
			isa = PBXFrameworksBuildPhase;
			buildActionMask = 2147483647;
			files = (
			);
			runOnlyForDeploymentPostprocessing = 0;
		};
/* End PBXFrameworksBuildPhase section */

/* Begin PBXGroup section */
		074783DA1A998CC600044149 = {
			isa = PBXGroup;
			children = (
				074783E51A998CC600044149 /* fff */,
				074783FE1A998CC600044149 /* fffTests */,
				074783E41A998CC600044149 /* Products */,
			);
			sourceTree = "<group>";
		};
		074783E41A998CC600044149 /* Products */ = {
			isa = PBXGroup;
			children = (
				074783E31A998CC600044149 /* fff.app */,
				074783FB1A998CC600044149 /* fffTests.xctest */,
			);
			name = Products;
			sourceTree = "<group>";
		};
		074783E51A998CC600044149 /* fff */ = {
			isa = PBXGroup;
			children = (
				0747840B1A998D0800044149 /* Spring */,
				074783E81A998CC600044149 /* AppDelegate.swift */,
				074783ED1A998CC600044149 /* ViewController.swift */,
				074783EF1A998CC600044149 /* Main.storyboard */,
				074783F21A998CC600044149 /* Images.xcassets */,
				074783F41A998CC600044149 /* LaunchScreen.xib */,
				074783EA1A998CC600044149 /* fff.xcdatamodeld */,
				074783E61A998CC600044149 /* Supporting Files */,
			);
			path = fff;
			sourceTree = "<group>";
		};
		074783E61A998CC600044149 /* Supporting Files */ = {
			isa = PBXGroup;
			children = (
				074783E71A998CC600044149 /* Info.plist */,
			);
			name = "Supporting Files";
			sourceTree = "<group>";
		};
		074783FE1A998CC600044149 /* fffTests */ = {
			isa = PBXGroup;
			children = (
				074784011A998CC600044149 /* fffTests.swift */,
				074783FF1A998CC600044149 /* Supporting Files */,
			);
			path = fffTests;
			sourceTree = "<group>";
		};
		074783FF1A998CC600044149 /* Supporting Files */ = {
			isa = PBXGroup;
			children = (
				074784001A998CC600044149 /* Info.plist */,
			);
			name = "Supporting Files";
			sourceTree = "<group>";
		};
		0747840B1A998D0800044149 /* Spring */ = {
			isa = PBXGroup;
			children = (
				0747840C1A998D0800044149 /* BlurView.swift */,
				0747840D1A998D0800044149 /* DesignableButton.swift */,
				0747840E1A998D0800044149 /* DesignableImageView.swift */,
				0747840F1A998D0800044149 /* DesignableLabel.swift */,
				074784101A998D0800044149 /* DesignableTabBarController.swift */,
				074784111A998D0800044149 /* DesignableTextField.swift */,
				074784121A998D0800044149 /* DesignableTextView.swift */,
				074784131A998D0800044149 /* DesignableView.swift */,
				074784141A998D0800044149 /* ImageLoader.swift */,
				074784151A998D0800044149 /* Info.plist */,
				074784161A998D0800044149 /* KeyboardLayoutConstraint.swift */,
				074784171A998D0800044149 /* LoadingView.swift */,
				074784181A998D0800044149 /* LoadingView.xib */,
				074784191A998D0800044149 /* Misc.swift */,
				0747841A1A998D0800044149 /* SoundPlayer.swift */,
				0747841B1A998D0800044149 /* Spring.h */,
				0747841C1A998D0800044149 /* Spring.swift */,
				0747841D1A998D0800044149 /* SpringAnimation.swift */,
				0747841E1A998D0800044149 /* SpringButton.swift */,
				0747841F1A998D0800044149 /* SpringImageView.swift */,
				074784201A998D0800044149 /* SpringLabel.swift */,
				074784211A998D0800044149 /* SpringTextField.swift */,
				074784221A998D0800044149 /* SpringTextView.swift */,
				074784231A998D0800044149 /* SpringView.swift */,
				074784241A998D0800044149 /* TransitionManager.swift */,
				074784251A998D0800044149 /* TransitionZoom.swift */,
				074784261A998D0800044149 /* UnwindSegue.swift */,
			);
			path = Spring;
			sourceTree = "<group>";
		};
/* End PBXGroup section */

/* Begin PBXNativeTarget section */
		074783E21A998CC600044149 /* fff */ = {
			isa = PBXNativeTarget;
			buildConfigurationList = 074784051A998CC600044149 /* Build configuration list for PBXNativeTarget "fff" */;
			buildPhases = (
				074783DF1A998CC600044149 /* Sources */,
				074783E01A998CC600044149 /* Frameworks */,
				074783E11A998CC600044149 /* Resources */,
			);
			buildRules = (
			);
			dependencies = (
			);
			name = fff;
			productName = fff;
			productReference = 074783E31A998CC600044149 /* fff.app */;
			productType = "com.apple.product-type.application";
		};
		074783FA1A998CC600044149 /* fffTests */ = {
			isa = PBXNativeTarget;
			buildConfigurationList = 074784081A998CC600044149 /* Build configuration list for PBXNativeTarget "fffTests" */;
			buildPhases = (
				074783F71A998CC600044149 /* Sources */,
				074783F81A998CC600044149 /* Frameworks */,
				074783F91A998CC600044149 /* Resources */,
			);
			buildRules = (
			);
			dependencies = (
				074783FD1A998CC600044149 /* PBXTargetDependency */,
			);
			name = fffTests;
			productName = fffTests;
			productReference = 074783FB1A998CC600044149 /* fffTests.xctest */;
			productType = "com.apple.product-type.bundle.unit-test";
		};
/* End PBXNativeTarget section */

/* Begin PBXProject section */
		074783DB1A998CC600044149 /* Project object */ = {
			isa = PBXProject;
			attributes = {
				LastUpgradeCheck = 0610;
				ORGANIZATIONNAME = "Jason Bautista";
				TargetAttributes = {
					074783E21A998CC600044149 = {
						CreatedOnToolsVersion = 6.1.1;
					};
					074783FA1A998CC600044149 = {
						CreatedOnToolsVersion = 6.1.1;
						TestTargetID = 074783E21A998CC600044149;
					};
				};
			};
			buildConfigurationList = 074783DE1A998CC600044149 /* Build configuration list for PBXProject "fff" */;
			compatibilityVersion = "Xcode 3.2";
			developmentRegion = English;
			hasScannedForEncodings = 0;
			knownRegions = (
				en,
				Base,
			);
			mainGroup = 074783DA1A998CC600044149;
			productRefGroup = 074783E41A998CC600044149 /* Products */;
			projectDirPath = "";
			projectRoot = "";
			targets = (
				074783E21A998CC600044149 /* fff */,
				074783FA1A998CC600044149 /* fffTests */,
			);
		};
/* End PBXProject section */

/* Begin PBXResourcesBuildPhase section */
		074783E11A998CC600044149 /* Resources */ = {
			isa = PBXResourcesBuildPhase;
			buildActionMask = 2147483647;
			files = (
				074784301A998D0800044149 /* Info.plist in Resources */,
				074783F11A998CC600044149 /* Main.storyboard in Resources */,
				074783F61A998CC600044149 /* LaunchScreen.xib in Resources */,
				074783F31A998CC600044149 /* Images.xcassets in Resources */,
				074784331A998D0800044149 /* LoadingView.xib in Resources */,
			);
			runOnlyForDeploymentPostprocessing = 0;
		};
		074783F91A998CC600044149 /* Resources */ = {
			isa = PBXResourcesBuildPhase;
			buildActionMask = 2147483647;
			files = (
			);
			runOnlyForDeploymentPostprocessing = 0;
		};
/* End PBXResourcesBuildPhase section */

/* Begin PBXSourcesBuildPhase section */
		074783DF1A998CC600044149 /* Sources */ = {
			isa = PBXSourcesBuildPhase;
			buildActionMask = 2147483647;
			files = (
				074784401A998D0800044149 /* UnwindSegue.swift in Sources */,
				074784311A998D0800044149 /* KeyboardLayoutConstraint.swift in Sources */,
				074783EE1A998CC600044149 /* ViewController.swift in Sources */,
				074784381A998D0800044149 /* SpringButton.swift in Sources */,
				074784351A998D0800044149 /* SoundPlayer.swift in Sources */,
				0747842C1A998D0800044149 /* DesignableTextField.swift in Sources */,
				074784341A998D0800044149 /* Misc.swift in Sources */,
				0747842F1A998D0800044149 /* ImageLoader.swift in Sources */,
				074784271A998D0800044149 /* BlurView.swift in Sources */,
				0747843B1A998D0800044149 /* SpringTextField.swift in Sources */,
				074784321A998D0800044149 /* LoadingView.swift in Sources */,
				0747843A1A998D0800044149 /* SpringLabel.swift in Sources */,
				0747842E1A998D0800044149 /* DesignableView.swift in Sources */,
				0747842B1A998D0800044149 /* DesignableTabBarController.swift in Sources */,
				074783EC1A998CC600044149 /* fff.xcdatamodeld in Sources */,
				074784281A998D0800044149 /* DesignableButton.swift in Sources */,
				0747843C1A998D0800044149 /* SpringTextView.swift in Sources */,
				0747843E1A998D0800044149 /* TransitionManager.swift in Sources */,
				074784361A998D0800044149 /* Spring.swift in Sources */,
				0747843D1A998D0800044149 /* SpringView.swift in Sources */,
				074784291A998D0800044149 /* DesignableImageView.swift in Sources */,
				0747842D1A998D0800044149 /* DesignableTextView.swift in Sources */,
				0747843F1A998D0800044149 /* TransitionZoom.swift in Sources */,
				074784371A998D0800044149 /* SpringAnimation.swift in Sources */,
				074784391A998D0800044149 /* SpringImageView.swift in Sources */,
				0747842A1A998D0800044149 /* DesignableLabel.swift in Sources */,
				074783E91A998CC600044149 /* AppDelegate.swift in Sources */,
			);
			runOnlyForDeploymentPostprocessing = 0;
		};
		074783F71A998CC600044149 /* Sources */ = {
			isa = PBXSourcesBuildPhase;
			buildActionMask = 2147483647;
			files = (
				074784021A998CC600044149 /* fffTests.swift in Sources */,
			);
			runOnlyForDeploymentPostprocessing = 0;
		};
/* End PBXSourcesBuildPhase section */

/* Begin PBXTargetDependency section */
		074783FD1A998CC600044149 /* PBXTargetDependency */ = {
			isa = PBXTargetDependency;
			target = 074783E21A998CC600044149 /* fff */;
			targetProxy = 074783FC1A998CC600044149 /* PBXContainerItemProxy */;
		};
/* End PBXTargetDependency section */

/* Begin PBXVariantGroup section */
		074783EF1A998CC600044149 /* Main.storyboard */ = {
			isa = PBXVariantGroup;
			children = (
				074783F01A998CC600044149 /* Base */,
			);
			name = Main.storyboard;
			sourceTree = "<group>";
		};
		074783F41A998CC600044149 /* LaunchScreen.xib */ = {
			isa = PBXVariantGroup;
			children = (
				074783F51A998CC600044149 /* Base */,
			);
			name = LaunchScreen.xib;
			sourceTree = "<group>";
		};
/* End PBXVariantGroup section */

/* Begin XCBuildConfiguration section */
		074784031A998CC600044149 /* Debug */ = {
			isa = XCBuildConfiguration;
			buildSettings = {
				ALWAYS_SEARCH_USER_PATHS = NO;
				CLANG_CXX_LANGUAGE_STANDARD = "gnu++0x";
				CLANG_CXX_LIBRARY = "libc++";
				CLANG_ENABLE_MODULES = YES;
				CLANG_ENABLE_OBJC_ARC = YES;
				CLANG_WARN_BOOL_CONVERSION = YES;
				CLANG_WARN_CONSTANT_CONVERSION = YES;
				CLANG_WARN_DIRECT_OBJC_ISA_USAGE = YES_ERROR;
				CLANG_WARN_EMPTY_BODY = YES;
				CLANG_WARN_ENUM_CONVERSION = YES;
				CLANG_WARN_INT_CONVERSION = YES;
				CLANG_WARN_OBJC_ROOT_CLASS = YES_ERROR;
				CLANG_WARN_UNREACHABLE_CODE = YES;
				CLANG_WARN__DUPLICATE_METHOD_MATCH = YES;
				"CODE_SIGN_IDENTITY[sdk=iphoneos*]" = "iPhone Developer";
				COPY_PHASE_STRIP = NO;
				ENABLE_STRICT_OBJC_MSGSEND = YES;
				GCC_C_LANGUAGE_STANDARD = gnu99;
				GCC_DYNAMIC_NO_PIC = NO;
				GCC_OPTIMIZATION_LEVEL = 0;
				GCC_PREPROCESSOR_DEFINITIONS = (
					"DEBUG=1",
					"$(inherited)",
				);
				GCC_SYMBOLS_PRIVATE_EXTERN = NO;
				GCC_WARN_64_TO_32_BIT_CONVERSION = YES;
				GCC_WARN_ABOUT_RETURN_TYPE = YES_ERROR;
				GCC_WARN_UNDECLARED_SELECTOR = YES;
				GCC_WARN_UNINITIALIZED_AUTOS = YES_AGGRESSIVE;
				GCC_WARN_UNUSED_FUNCTION = YES;
				GCC_WARN_UNUSED_VARIABLE = YES;
				IPHONEOS_DEPLOYMENT_TARGET = 8.1;
				MTL_ENABLE_DEBUG_INFO = YES;
				ONLY_ACTIVE_ARCH = YES;
				SDKROOT = iphoneos;
				SWIFT_OPTIMIZATION_LEVEL = "-Onone";
			};
			name = Debug;
		};
		074784041A998CC600044149 /* Release */ = {
			isa = XCBuildConfiguration;
			buildSettings = {
				ALWAYS_SEARCH_USER_PATHS = NO;
				CLANG_CXX_LANGUAGE_STANDARD = "gnu++0x";
				CLANG_CXX_LIBRARY = "libc++";
				CLANG_ENABLE_MODULES = YES;
				CLANG_ENABLE_OBJC_ARC = YES;
				CLANG_WARN_BOOL_CONVERSION = YES;
				CLANG_WARN_CONSTANT_CONVERSION = YES;
				CLANG_WARN_DIRECT_OBJC_ISA_USAGE = YES_ERROR;
				CLANG_WARN_EMPTY_BODY = YES;
				CLANG_WARN_ENUM_CONVERSION = YES;
				CLANG_WARN_INT_CONVERSION = YES;
				CLANG_WARN_OBJC_ROOT_CLASS = YES_ERROR;
				CLANG_WARN_UNREACHABLE_CODE = YES;
				CLANG_WARN__DUPLICATE_METHOD_MATCH = YES;
				"CODE_SIGN_IDENTITY[sdk=iphoneos*]" = "iPhone Developer";
				COPY_PHASE_STRIP = YES;
				ENABLE_NS_ASSERTIONS = NO;
				ENABLE_STRICT_OBJC_MSGSEND = YES;
				GCC_C_LANGUAGE_STANDARD = gnu99;
				GCC_WARN_64_TO_32_BIT_CONVERSION = YES;
				GCC_WARN_ABOUT_RETURN_TYPE = YES_ERROR;
				GCC_WARN_UNDECLARED_SELECTOR = YES;
				GCC_WARN_UNINITIALIZED_AUTOS = YES_AGGRESSIVE;
				GCC_WARN_UNUSED_FUNCTION = YES;
				GCC_WARN_UNUSED_VARIABLE = YES;
				IPHONEOS_DEPLOYMENT_TARGET = 8.1;
				MTL_ENABLE_DEBUG_INFO = NO;
				SDKROOT = iphoneos;
				VALIDATE_PRODUCT = YES;
			};
			name = Release;
		};
		074784061A998CC600044149 /* Debug */ = {
			isa = XCBuildConfiguration;
			buildSettings = {
				ASSETCATALOG_COMPILER_APPICON_NAME = AppIcon;
				INFOPLIST_FILE = fff/Info.plist;
				LD_RUNPATH_SEARCH_PATHS = "$(inherited) @executable_path/Frameworks";
				PRODUCT_NAME = "$(TARGET_NAME)";
			};
			name = Debug;
		};
		074784071A998CC600044149 /* Release */ = {
			isa = XCBuildConfiguration;
			buildSettings = {
				ASSETCATALOG_COMPILER_APPICON_NAME = AppIcon;
				INFOPLIST_FILE = fff/Info.plist;
				LD_RUNPATH_SEARCH_PATHS = "$(inherited) @executable_path/Frameworks";
				PRODUCT_NAME = "$(TARGET_NAME)";
			};
			name = Release;
		};
		074784091A998CC600044149 /* Debug */ = {
			isa = XCBuildConfiguration;
			buildSettings = {
				BUNDLE_LOADER = "$(TEST_HOST)";
				FRAMEWORK_SEARCH_PATHS = (
					"$(SDKROOT)/Developer/Library/Frameworks",
					"$(inherited)",
				);
				GCC_PREPROCESSOR_DEFINITIONS = (
					"DEBUG=1",
					"$(inherited)",
				);
				INFOPLIST_FILE = fffTests/Info.plist;
				LD_RUNPATH_SEARCH_PATHS = "$(inherited) @executable_path/Frameworks @loader_path/Frameworks";
				PRODUCT_NAME = "$(TARGET_NAME)";
				TEST_HOST = "$(BUILT_PRODUCTS_DIR)/fff.app/fff";
			};
			name = Debug;
		};
		0747840A1A998CC600044149 /* Release */ = {
			isa = XCBuildConfiguration;
			buildSettings = {
				BUNDLE_LOADER = "$(TEST_HOST)";
				FRAMEWORK_SEARCH_PATHS = (
					"$(SDKROOT)/Developer/Library/Frameworks",
					"$(inherited)",
				);
				INFOPLIST_FILE = fffTests/Info.plist;
				LD_RUNPATH_SEARCH_PATHS = "$(inherited) @executable_path/Frameworks @loader_path/Frameworks";
				PRODUCT_NAME = "$(TARGET_NAME)";
				TEST_HOST = "$(BUILT_PRODUCTS_DIR)/fff.app/fff";
			};
			name = Release;
		};
/* End XCBuildConfiguration section */

/* Begin XCConfigurationList section */
		074783DE1A998CC600044149 /* Build configuration list for PBXProject "fff" */ = {
			isa = XCConfigurationList;
			buildConfigurations = (
				074784031A998CC600044149 /* Debug */,
				074784041A998CC600044149 /* Release */,
			);
			defaultConfigurationIsVisible = 0;
			defaultConfigurationName = Release;
		};
		074784051A998CC600044149 /* Build configuration list for PBXNativeTarget "fff" */ = {
			isa = XCConfigurationList;
			buildConfigurations = (
				074784061A998CC600044149 /* Debug */,
				074784071A998CC600044149 /* Release */,
			);
			defaultConfigurationIsVisible = 0;
		};
		074784081A998CC600044149 /* Build configuration list for PBXNativeTarget "fffTests" */ = {
			isa = XCConfigurationList;
			buildConfigurations = (
				074784091A998CC600044149 /* Debug */,
				0747840A1A998CC600044149 /* Release */,
			);
			defaultConfigurationIsVisible = 0;
		};
/* End XCConfigurationList section */

/* Begin XCVersionGroup section */
		074783EA1A998CC600044149 /* fff.xcdatamodeld */ = {
			isa = XCVersionGroup;
			children = (
				074783EB1A998CC600044149 /* fff.xcdatamodel */,
			);
			currentVersion = 074783EB1A998CC600044149 /* fff.xcdatamodel */;
			path = fff.xcdatamodeld;
			sourceTree = "<group>";
			versionGroupType = wrapper.xcdatamodel;
		};
/* End XCVersionGroup section */
	};
	rootObject = 074783DB1A998CC600044149 /* Project object */;
}
